{
  "name": "periodico-pwa",
  "version": "1.0.0",
  "lockfileVersion": 1,
  "requires": true,
  "dependencies": {
    "babel-plugin-transform-inline-environment-variables": {
      "version": "0.4.3",
      "resolved": "https://registry.npmjs.org/babel-plugin-transform-inline-environment-variables/-/babel-plugin-transform-inline-environment-variables-0.4.3.tgz",
      "integrity": "sha1-o7CYgzU76LXiM24/8e+KXZP5xIk=",
      "dev": true
    }
  }
}
